// !$*UTF8*$!
{
	archiveVersion = 1;
	classes = {
	};
	objectVersion = 46;
	objects = {

/* Begin PBXBuildFile section */
		940E46361CD313EE00B716E6 /* FrameConfigRoomViewController.swift in Sources */ = {isa = PBXBuildFile; fileRef = 940E46351CD313EE00B716E6 /* FrameConfigRoomViewController.swift */; };
		940E46381CD314D000B716E6 /* FrameConfigRoomView.swift in Sources */ = {isa = PBXBuildFile; fileRef = 940E46371CD314D000B716E6 /* FrameConfigRoomView.swift */; };
		940E464C1CD348C300B716E6 /* BrowserView.swift in Sources */ = {isa = PBXBuildFile; fileRef = 940E46491CD348C300B716E6 /* BrowserView.swift */; };
		940E464D1CD348C300B716E6 /* DirectManipulationGestureRecognizer.swift in Sources */ = {isa = PBXBuildFile; fileRef = 940E464A1CD348C300B716E6 /* DirectManipulationGestureRecognizer.swift */; };
		940E464E1CD348C300B716E6 /* SimpleTransform.swift in Sources */ = {isa = PBXBuildFile; fileRef = 940E464B1CD348C300B716E6 /* SimpleTransform.swift */; };
		940E46501CD34E1500B716E6 /* VideoToolManager.swift in Sources */ = {isa = PBXBuildFile; fileRef = 940E464F1CD34E1500B716E6 /* VideoToolManager.swift */; };
		940E46521CD34EC600B716E6 /* FrameToolSet.swift in Sources */ = {isa = PBXBuildFile; fileRef = 940E46511CD34EC600B716E6 /* FrameToolSet.swift */; };
		940E46541CD3595700B716E6 /* PageViewController.swift in Sources */ = {isa = PBXBuildFile; fileRef = 940E46531CD3595700B716E6 /* PageViewController.swift */; };
		940E46681CD887B400B716E6 /* LayoutCollectionCell.swift in Sources */ = {isa = PBXBuildFile; fileRef = 940E46631CD887B400B716E6 /* LayoutCollectionCell.swift */; };
		940E46691CD887B400B716E6 /* LayoutManager.swift in Sources */ = {isa = PBXBuildFile; fileRef = 940E46641CD887B400B716E6 /* LayoutManager.swift */; };
		940E466A1CD887B400B716E6 /* LayoutSelectionViewController.swift in Sources */ = {isa = PBXBuildFile; fileRef = 940E46651CD887B400B716E6 /* LayoutSelectionViewController.swift */; };
		940E466B1CD887B400B716E6 /* Layout.swift in Sources */ = {isa = PBXBuildFile; fileRef = 940E46661CD887B400B716E6 /* Layout.swift */; };
		940E466C1CD887B400B716E6 /* LayoutConfigRoomViewController.swift in Sources */ = {isa = PBXBuildFile; fileRef = 940E46671CD887B400B716E6 /* LayoutConfigRoomViewController.swift */; };
		940E466E1CD888C700B716E6 /* LayoutConfigRoomView.swift in Sources */ = {isa = PBXBuildFile; fileRef = 940E466D1CD888C700B716E6 /* LayoutConfigRoomView.swift */; };
		940E46711CD889EF00B716E6 /* SourceActionView.swift in Sources */ = {isa = PBXBuildFile; fileRef = 940E46701CD889EF00B716E6 /* SourceActionView.swift */; };
		943F7D201CCFA7300016A87E /* BrowserViewController.swift in Sources */ = {isa = PBXBuildFile; fileRef = 943F7D181CCFA7300016A87E /* BrowserViewController.swift */; };
		943F7D221CCFA7300016A87E /* ImportMusicalView.swift in Sources */ = {isa = PBXBuildFile; fileRef = 943F7D1A1CCFA7300016A87E /* ImportMusicalView.swift */; };
		9474139E1CD0B0CA00D8EEA6 /* FrameManager.swift in Sources */ = {isa = PBXBuildFile; fileRef = 9474139D1CD0B0CA00D8EEA6 /* FrameManager.swift */; };
		948E876D1CE0DAF60095AF12 /* FramePreviewViewController.swift in Sources */ = {isa = PBXBuildFile; fileRef = 948E876C1CE0DAF60095AF12 /* FramePreviewViewController.swift */; };
		948E87701CECB3020095AF12 /* ArrayExtension.swift in Sources */ = {isa = PBXBuildFile; fileRef = 948E876E1CECB3020095AF12 /* ArrayExtension.swift */; };
		948E87711CECB3020095AF12 /* ArrayModifier.swift in Sources */ = {isa = PBXBuildFile; fileRef = 948E876F1CECB3020095AF12 /* ArrayModifier.swift */; };
		948E87731CECB3690095AF12 /* ArrayParser.swift in Sources */ = {isa = PBXBuildFile; fileRef = 948E87721CECB3690095AF12 /* ArrayParser.swift */; };
		94954A9C1CD05339001D24E8 /* AudioSamplesReader.swift in Sources */ = {isa = PBXBuildFile; fileRef = 94954A811CD05339001D24E8 /* AudioSamplesReader.swift */; };
		94954A9D1CD05339001D24E8 /* ScalableChannelsContainer.swift in Sources */ = {isa = PBXBuildFile; fileRef = 94954A821CD05339001D24E8 /* ScalableChannelsContainer.swift */; };
		94954A9E1CD05339001D24E8 /* DVGAudioWaveformDiagram.swift in Sources */ = {isa = PBXBuildFile; fileRef = 94954A831CD05339001D24E8 /* DVGAudioWaveformDiagram.swift */; };
		94954A9F1CD05339001D24E8 /* DVGAudioWaveformDiagramModel.swift in Sources */ = {isa = PBXBuildFile; fileRef = 94954A841CD05339001D24E8 /* DVGAudioWaveformDiagramModel.swift */; };
		94954AA01CD05339001D24E8 /* DVGWaveformView.swift in Sources */ = {isa = PBXBuildFile; fileRef = 94954A851CD05339001D24E8 /* DVGWaveformView.swift */; };
		94954AA11CD05339001D24E8 /* LICENSE in Resources */ = {isa = PBXBuildFile; fileRef = 94954A861CD05339001D24E8 /* LICENSE */; };
		94954AA21CD05339001D24E8 /* AudioReaderSettings.swift in Sources */ = {isa = PBXBuildFile; fileRef = 94954A881CD05339001D24E8 /* AudioReaderSettings.swift */; };
		94954AA31CD05339001D24E8 /* AudioSamplesContainer.swift in Sources */ = {isa = PBXBuildFile; fileRef = 94954A891CD05339001D24E8 /* AudioSamplesContainer.swift */; };
		94954AA41CD05339001D24E8 /* Buffer.swift in Sources */ = {isa = PBXBuildFile; fileRef = 94954A8A1CD05339001D24E8 /* Buffer.swift */; };
		94954AA51CD05339001D24E8 /* Channel.swift in Sources */ = {isa = PBXBuildFile; fileRef = 94954A8B1CD05339001D24E8 /* Channel.swift */; };
		94954AA61CD05339001D24E8 /* DiagramGeometry.swift in Sources */ = {isa = PBXBuildFile; fileRef = 94954A8C1CD05339001D24E8 /* DiagramGeometry.swift */; };
		94954AA71CD05339001D24E8 /* Dispatch.swift in Sources */ = {isa = PBXBuildFile; fileRef = 94954A8D1CD05339001D24E8 /* Dispatch.swift */; };
		94954AA81CD05339001D24E8 /* Error.swift in Sources */ = {isa = PBXBuildFile; fileRef = 94954A8E1CD05339001D24E8 /* Error.swift */; };
		94954AA91CD05339001D24E8 /* LogicProvider.swift in Sources */ = {isa = PBXBuildFile; fileRef = 94954A8F1CD05339001D24E8 /* LogicProvider.swift */; };
		94954AAA1CD05339001D24E8 /* NumberTypes.swift in Sources */ = {isa = PBXBuildFile; fileRef = 94954A901CD05339001D24E8 /* NumberTypes.swift */; };
		94954AAB1CD05339001D24E8 /* Protocols.swift in Sources */ = {isa = PBXBuildFile; fileRef = 94954A911CD05339001D24E8 /* Protocols.swift */; };
		94954AAC1CD05339001D24E8 /* UIKit+extensions.swift in Sources */ = {isa = PBXBuildFile; fileRef = 94954A921CD05339001D24E8 /* UIKit+extensions.swift */; };
		94954AAD1CD05339001D24E8 /* Diagram.swift in Sources */ = {isa = PBXBuildFile; fileRef = 94954A941CD05339001D24E8 /* Diagram.swift */; };
		94954AAE1CD05339001D24E8 /* PlaybackPositionView.swift in Sources */ = {isa = PBXBuildFile; fileRef = 94954A951CD05339001D24E8 /* PlaybackPositionView.swift */; };
		94954AAF1CD05339001D24E8 /* Plot.swift in Sources */ = {isa = PBXBuildFile; fileRef = 94954A961CD05339001D24E8 /* Plot.swift */; };
		94954AB01CD05339001D24E8 /* SelectionView.swift in Sources */ = {isa = PBXBuildFile; fileRef = 94954A971CD05339001D24E8 /* SelectionView.swift */; };
		94954AB11CD05339001D24E8 /* ChannelSourceMapper.swift in Sources */ = {isa = PBXBuildFile; fileRef = 94954A991CD05339001D24E8 /* ChannelSourceMapper.swift */; };
		94954AB21CD05339001D24E8 /* DiagramModel.swift in Sources */ = {isa = PBXBuildFile; fileRef = 94954A9A1CD05339001D24E8 /* DiagramModel.swift */; };
		94954AB31CD05339001D24E8 /* PlotModel.swift in Sources */ = {isa = PBXBuildFile; fileRef = 94954A9B1CD05339001D24E8 /* PlotModel.swift */; };
		94954AB91CD0A657001D24E8 /* FrameSelectionViewController.swift in Sources */ = {isa = PBXBuildFile; fileRef = 94954AB81CD0A657001D24E8 /* FrameSelectionViewController.swift */; };
		94954ABB1CD0A70D001D24E8 /* Frame.swift in Sources */ = {isa = PBXBuildFile; fileRef = 94954ABA1CD0A70D001D24E8 /* Frame.swift */; };
		94954ABD1CD0A877001D24E8 /* FrameCollectionCell.swift in Sources */ = {isa = PBXBuildFile; fileRef = 94954ABC1CD0A877001D24E8 /* FrameCollectionCell.swift */; };
		94A8C8C91CD4BC1700736464 /* UIUtils.swift in Sources */ = {isa = PBXBuildFile; fileRef = 94A8C8C81CD4BC1700736464 /* UIUtils.swift */; };
		94A8C8CB1CD4C92500736464 /* MergerDataSoucreViewModel.swift in Sources */ = {isa = PBXBuildFile; fileRef = 94A8C8CA1CD4C92500736464 /* MergerDataSoucreViewModel.swift */; };
		94A8C8CD1CD4CDC900736464 /* PlayerExtension.swift in Sources */ = {isa = PBXBuildFile; fileRef = 94A8C8CC1CD4CDC900736464 /* PlayerExtension.swift */; };
		94B8BD241CD1049E00B4DEE0 /* VideoFrameShapeDrawable.swift in Sources */ = {isa = PBXBuildFile; fileRef = 94B8BD231CD1049E00B4DEE0 /* VideoFrameShapeDrawable.swift */; };
		94C433681CCFAD4A00CFBD64 /* CardViewController.swift in Sources */ = {isa = PBXBuildFile; fileRef = 94C433671CCFAD4A00CFBD64 /* CardViewController.swift */; };
		94C8BA941CCDE5610016CFFB /* AppDelegate.swift in Sources */ = {isa = PBXBuildFile; fileRef = 94C8BA931CCDE5610016CFFB /* AppDelegate.swift */; };
		94C8BA961CCDE5610016CFFB /* WorkSpaceViewController.swift in Sources */ = {isa = PBXBuildFile; fileRef = 94C8BA951CCDE5610016CFFB /* WorkSpaceViewController.swift */; };
		94C8BA9B1CCDE5610016CFFB /* Assets.xcassets in Resources */ = {isa = PBXBuildFile; fileRef = 94C8BA9A1CCDE5610016CFFB /* Assets.xcassets */; };
		94C8BA9E1CCDE5620016CFFB /* LaunchScreen.storyboard in Resources */ = {isa = PBXBuildFile; fileRef = 94C8BA9C1CCDE5620016CFFB /* LaunchScreen.storyboard */; };
		94C8BAA91CCDE5620016CFFB /* ZWVideoFrameTests.swift in Sources */ = {isa = PBXBuildFile; fileRef = 94C8BAA81CCDE5620016CFFB /* ZWVideoFrameTests.swift */; };
		94D7F3CB1CD0C61600986779 /* ZWShapeView.swift in Sources */ = {isa = PBXBuildFile; fileRef = 94D7F3CA1CD0C61600986779 /* ZWShapeView.swift */; };
		DBBAC999A43B5B50CA46551B /* Pods_ZWVideoFrame.framework in Frameworks */ = {isa = PBXBuildFile; fileRef = B7745E0C2B0114419B9CC3CB /* Pods_ZWVideoFrame.framework */; };
/* End PBXBuildFile section */

/* Begin PBXContainerItemProxy section */
		94C8BAA51CCDE5620016CFFB /* PBXContainerItemProxy */ = {
			isa = PBXContainerItemProxy;
			containerPortal = 94C8BA881CCDE5610016CFFB /* Project object */;
			proxyType = 1;
			remoteGlobalIDString = 94C8BA8F1CCDE5610016CFFB;
			remoteInfo = ZWVideoFrame;
		};
/* End PBXContainerItemProxy section */

/* Begin PBXFileReference section */
		35508F43184428AC048BB29A /* Pods-ZWVideoFrame.release.xcconfig */ = {isa = PBXFileReference; includeInIndex = 1; lastKnownFileType = text.xcconfig; name = "Pods-ZWVideoFrame.release.xcconfig"; path = "Pods/Target Support Files/Pods-ZWVideoFrame/Pods-ZWVideoFrame.release.xcconfig"; sourceTree = "<group>"; };
		81D02EED2FB6BE257D62BC52 /* Pods-ZWVideoFrame.debug.xcconfig */ = {isa = PBXFileReference; includeInIndex = 1; lastKnownFileType = text.xcconfig; name = "Pods-ZWVideoFrame.debug.xcconfig"; path = "Pods/Target Support Files/Pods-ZWVideoFrame/Pods-ZWVideoFrame.debug.xcconfig"; sourceTree = "<group>"; };
		940E46351CD313EE00B716E6 /* FrameConfigRoomViewController.swift */ = {isa = PBXFileReference; fileEncoding = 4; lastKnownFileType = sourcecode.swift; name = FrameConfigRoomViewController.swift; path = ZWVideoFrame/Frame/FrameConfigRoomViewController.swift; sourceTree = SOURCE_ROOT; };
		940E46371CD314D000B716E6 /* FrameConfigRoomView.swift */ = {isa = PBXFileReference; fileEncoding = 4; lastKnownFileType = sourcecode.swift; name = FrameConfigRoomView.swift; path = ZWVideoFrame/Frame/FrameConfigRoomView.swift; sourceTree = SOURCE_ROOT; };
		940E46491CD348C300B716E6 /* BrowserView.swift */ = {isa = PBXFileReference; fileEncoding = 4; lastKnownFileType = sourcecode.swift; path = BrowserView.swift; sourceTree = "<group>"; };
		940E464A1CD348C300B716E6 /* DirectManipulationGestureRecognizer.swift */ = {isa = PBXFileReference; fileEncoding = 4; lastKnownFileType = sourcecode.swift; path = DirectManipulationGestureRecognizer.swift; sourceTree = "<group>"; };
		940E464B1CD348C300B716E6 /* SimpleTransform.swift */ = {isa = PBXFileReference; fileEncoding = 4; lastKnownFileType = sourcecode.swift; path = SimpleTransform.swift; sourceTree = "<group>"; };
		940E464F1CD34E1500B716E6 /* VideoToolManager.swift */ = {isa = PBXFileReference; fileEncoding = 4; lastKnownFileType = sourcecode.swift; path = VideoToolManager.swift; sourceTree = "<group>"; };
		940E46511CD34EC600B716E6 /* FrameToolSet.swift */ = {isa = PBXFileReference; fileEncoding = 4; lastKnownFileType = sourcecode.swift; path = FrameToolSet.swift; sourceTree = "<group>"; };
		940E46531CD3595700B716E6 /* PageViewController.swift */ = {isa = PBXFileReference; fileEncoding = 4; lastKnownFileType = sourcecode.swift; path = PageViewController.swift; sourceTree = "<group>"; };
		940E46631CD887B400B716E6 /* LayoutCollectionCell.swift */ = {isa = PBXFileReference; fileEncoding = 4; lastKnownFileType = sourcecode.swift; name = LayoutCollectionCell.swift; path = ZWVideoFrame/Layout/LayoutCollectionCell.swift; sourceTree = SOURCE_ROOT; };
		940E46641CD887B400B716E6 /* LayoutManager.swift */ = {isa = PBXFileReference; fileEncoding = 4; lastKnownFileType = sourcecode.swift; name = LayoutManager.swift; path = ZWVideoFrame/Layout/LayoutManager.swift; sourceTree = SOURCE_ROOT; };
		940E46651CD887B400B716E6 /* LayoutSelectionViewController.swift */ = {isa = PBXFileReference; fileEncoding = 4; lastKnownFileType = sourcecode.swift; name = LayoutSelectionViewController.swift; path = ZWVideoFrame/Layout/LayoutSelectionViewController.swift; sourceTree = SOURCE_ROOT; };
		940E46661CD887B400B716E6 /* Layout.swift */ = {isa = PBXFileReference; fileEncoding = 4; lastKnownFileType = sourcecode.swift; name = Layout.swift; path = ZWVideoFrame/Layout/Layout.swift; sourceTree = SOURCE_ROOT; };
		940E46671CD887B400B716E6 /* LayoutConfigRoomViewController.swift */ = {isa = PBXFileReference; fileEncoding = 4; lastKnownFileType = sourcecode.swift; name = LayoutConfigRoomViewController.swift; path = ZWVideoFrame/Layout/LayoutConfigRoomViewController.swift; sourceTree = SOURCE_ROOT; };
		940E466D1CD888C700B716E6 /* LayoutConfigRoomView.swift */ = {isa = PBXFileReference; fileEncoding = 4; lastKnownFileType = sourcecode.swift; path = LayoutConfigRoomView.swift; sourceTree = "<group>"; };
		940E46701CD889EF00B716E6 /* SourceActionView.swift */ = {isa = PBXFileReference; fileEncoding = 4; lastKnownFileType = sourcecode.swift; name = SourceActionView.swift; path = Common/SourceActionView.swift; sourceTree = "<group>"; };
		943F7D181CCFA7300016A87E /* BrowserViewController.swift */ = {isa = PBXFileReference; fileEncoding = 4; lastKnownFileType = sourcecode.swift; path = BrowserViewController.swift; sourceTree = "<group>"; };
		943F7D1A1CCFA7300016A87E /* ImportMusicalView.swift */ = {isa = PBXFileReference; fileEncoding = 4; lastKnownFileType = sourcecode.swift; path = ImportMusicalView.swift; sourceTree = "<group>"; };
		9474139D1CD0B0CA00D8EEA6 /* FrameManager.swift */ = {isa = PBXFileReference; fileEncoding = 4; lastKnownFileType = sourcecode.swift; name = FrameManager.swift; path = ZWVideoFrame/Frame/FrameManager.swift; sourceTree = SOURCE_ROOT; };
		948E876C1CE0DAF60095AF12 /* FramePreviewViewController.swift */ = {isa = PBXFileReference; fileEncoding = 4; lastKnownFileType = sourcecode.swift; path = FramePreviewViewController.swift; sourceTree = "<group>"; };
		948E876E1CECB3020095AF12 /* ArrayExtension.swift */ = {isa = PBXFileReference; fileEncoding = 4; lastKnownFileType = sourcecode.swift; name = ArrayExtension.swift; path = Utils/ArrayExtension.swift; sourceTree = "<group>"; };
		948E876F1CECB3020095AF12 /* ArrayModifier.swift */ = {isa = PBXFileReference; fileEncoding = 4; lastKnownFileType = sourcecode.swift; name = ArrayModifier.swift; path = Utils/ArrayModifier.swift; sourceTree = "<group>"; };
		948E87721CECB3690095AF12 /* ArrayParser.swift */ = {isa = PBXFileReference; fileEncoding = 4; lastKnownFileType = sourcecode.swift; name = ArrayParser.swift; path = Utils/ArrayParser.swift; sourceTree = "<group>"; };
		94954A811CD05339001D24E8 /* AudioSamplesReader.swift */ = {isa = PBXFileReference; fileEncoding = 4; lastKnownFileType = sourcecode.swift; path = AudioSamplesReader.swift; sourceTree = "<group>"; };
		94954A821CD05339001D24E8 /* ScalableChannelsContainer.swift */ = {isa = PBXFileReference; fileEncoding = 4; lastKnownFileType = sourcecode.swift; path = ScalableChannelsContainer.swift; sourceTree = "<group>"; };
		94954A831CD05339001D24E8 /* DVGAudioWaveformDiagram.swift */ = {isa = PBXFileReference; fileEncoding = 4; lastKnownFileType = sourcecode.swift; path = DVGAudioWaveformDiagram.swift; sourceTree = "<group>"; };
		94954A841CD05339001D24E8 /* DVGAudioWaveformDiagramModel.swift */ = {isa = PBXFileReference; fileEncoding = 4; lastKnownFileType = sourcecode.swift; path = DVGAudioWaveformDiagramModel.swift; sourceTree = "<group>"; };
		94954A851CD05339001D24E8 /* DVGWaveformView.swift */ = {isa = PBXFileReference; fileEncoding = 4; lastKnownFileType = sourcecode.swift; path = DVGWaveformView.swift; sourceTree = "<group>"; };
		94954A861CD05339001D24E8 /* LICENSE */ = {isa = PBXFileReference; fileEncoding = 4; lastKnownFileType = text; path = LICENSE; sourceTree = "<group>"; };
		94954A881CD05339001D24E8 /* AudioReaderSettings.swift */ = {isa = PBXFileReference; fileEncoding = 4; lastKnownFileType = sourcecode.swift; path = AudioReaderSettings.swift; sourceTree = "<group>"; };
		94954A891CD05339001D24E8 /* AudioSamplesContainer.swift */ = {isa = PBXFileReference; fileEncoding = 4; lastKnownFileType = sourcecode.swift; path = AudioSamplesContainer.swift; sourceTree = "<group>"; };
		94954A8A1CD05339001D24E8 /* Buffer.swift */ = {isa = PBXFileReference; fileEncoding = 4; lastKnownFileType = sourcecode.swift; path = Buffer.swift; sourceTree = "<group>"; };
		94954A8B1CD05339001D24E8 /* Channel.swift */ = {isa = PBXFileReference; fileEncoding = 4; lastKnownFileType = sourcecode.swift; path = Channel.swift; sourceTree = "<group>"; };
		94954A8C1CD05339001D24E8 /* DiagramGeometry.swift */ = {isa = PBXFileReference; fileEncoding = 4; lastKnownFileType = sourcecode.swift; path = DiagramGeometry.swift; sourceTree = "<group>"; };
		94954A8D1CD05339001D24E8 /* Dispatch.swift */ = {isa = PBXFileReference; fileEncoding = 4; lastKnownFileType = sourcecode.swift; path = Dispatch.swift; sourceTree = "<group>"; };
		94954A8E1CD05339001D24E8 /* Error.swift */ = {isa = PBXFileReference; fileEncoding = 4; lastKnownFileType = sourcecode.swift; path = Error.swift; sourceTree = "<group>"; };
		94954A8F1CD05339001D24E8 /* LogicProvider.swift */ = {isa = PBXFileReference; fileEncoding = 4; lastKnownFileType = sourcecode.swift; path = LogicProvider.swift; sourceTree = "<group>"; };
		94954A901CD05339001D24E8 /* NumberTypes.swift */ = {isa = PBXFileReference; fileEncoding = 4; lastKnownFileType = sourcecode.swift; path = NumberTypes.swift; sourceTree = "<group>"; };
		94954A911CD05339001D24E8 /* Protocols.swift */ = {isa = PBXFileReference; fileEncoding = 4; lastKnownFileType = sourcecode.swift; path = Protocols.swift; sourceTree = "<group>"; };
		94954A921CD05339001D24E8 /* UIKit+extensions.swift */ = {isa = PBXFileReference; fileEncoding = 4; lastKnownFileType = sourcecode.swift; path = "UIKit+extensions.swift"; sourceTree = "<group>"; };
		94954A941CD05339001D24E8 /* Diagram.swift */ = {isa = PBXFileReference; fileEncoding = 4; lastKnownFileType = sourcecode.swift; path = Diagram.swift; sourceTree = "<group>"; };
		94954A951CD05339001D24E8 /* PlaybackPositionView.swift */ = {isa = PBXFileReference; fileEncoding = 4; lastKnownFileType = sourcecode.swift; path = PlaybackPositionView.swift; sourceTree = "<group>"; };
		94954A961CD05339001D24E8 /* Plot.swift */ = {isa = PBXFileReference; fileEncoding = 4; lastKnownFileType = sourcecode.swift; path = Plot.swift; sourceTree = "<group>"; };
		94954A971CD05339001D24E8 /* SelectionView.swift */ = {isa = PBXFileReference; fileEncoding = 4; lastKnownFileType = sourcecode.swift; path = SelectionView.swift; sourceTree = "<group>"; };
		94954A991CD05339001D24E8 /* ChannelSourceMapper.swift */ = {isa = PBXFileReference; fileEncoding = 4; lastKnownFileType = sourcecode.swift; path = ChannelSourceMapper.swift; sourceTree = "<group>"; };
		94954A9A1CD05339001D24E8 /* DiagramModel.swift */ = {isa = PBXFileReference; fileEncoding = 4; lastKnownFileType = sourcecode.swift; path = DiagramModel.swift; sourceTree = "<group>"; };
		94954A9B1CD05339001D24E8 /* PlotModel.swift */ = {isa = PBXFileReference; fileEncoding = 4; lastKnownFileType = sourcecode.swift; path = PlotModel.swift; sourceTree = "<group>"; };
		94954AB81CD0A657001D24E8 /* FrameSelectionViewController.swift */ = {isa = PBXFileReference; fileEncoding = 4; lastKnownFileType = sourcecode.swift; name = FrameSelectionViewController.swift; path = ZWVideoFrame/Frame/FrameSelectionViewController.swift; sourceTree = SOURCE_ROOT; };
		94954ABA1CD0A70D001D24E8 /* Frame.swift */ = {isa = PBXFileReference; fileEncoding = 4; lastKnownFileType = sourcecode.swift; name = Frame.swift; path = ZWVideoFrame/Frame/Frame.swift; sourceTree = SOURCE_ROOT; };
		94954ABC1CD0A877001D24E8 /* FrameCollectionCell.swift */ = {isa = PBXFileReference; fileEncoding = 4; lastKnownFileType = sourcecode.swift; name = FrameCollectionCell.swift; path = ZWVideoFrame/Frame/FrameCollectionCell.swift; sourceTree = SOURCE_ROOT; };
		94A8C8C81CD4BC1700736464 /* UIUtils.swift */ = {isa = PBXFileReference; fileEncoding = 4; lastKnownFileType = sourcecode.swift; name = UIUtils.swift; path = Utils/UIUtils.swift; sourceTree = "<group>"; };
		94A8C8CA1CD4C92500736464 /* MergerDataSoucreViewModel.swift */ = {isa = PBXFileReference; fileEncoding = 4; lastKnownFileType = sourcecode.swift; path = MergerDataSoucreViewModel.swift; sourceTree = "<group>"; };
		94A8C8CC1CD4CDC900736464 /* PlayerExtension.swift */ = {isa = PBXFileReference; fileEncoding = 4; lastKnownFileType = sourcecode.swift; path = PlayerExtension.swift; sourceTree = "<group>"; };
		94B8BD231CD1049E00B4DEE0 /* VideoFrameShapeDrawable.swift */ = {isa = PBXFileReference; fileEncoding = 4; lastKnownFileType = sourcecode.swift; path = VideoFrameShapeDrawable.swift; sourceTree = "<group>"; };
		94C433671CCFAD4A00CFBD64 /* CardViewController.swift */ = {isa = PBXFileReference; fileEncoding = 4; lastKnownFileType = sourcecode.swift; path = CardViewController.swift; sourceTree = "<group>"; };
		94C8BA901CCDE5610016CFFB /* ZWVideoFrame.app */ = {isa = PBXFileReference; explicitFileType = wrapper.application; includeInIndex = 0; path = ZWVideoFrame.app; sourceTree = BUILT_PRODUCTS_DIR; };
		94C8BA931CCDE5610016CFFB /* AppDelegate.swift */ = {isa = PBXFileReference; lastKnownFileType = sourcecode.swift; path = AppDelegate.swift; sourceTree = "<group>"; };
		94C8BA951CCDE5610016CFFB /* WorkSpaceViewController.swift */ = {isa = PBXFileReference; lastKnownFileType = sourcecode.swift; path = WorkSpaceViewController.swift; sourceTree = "<group>"; };
		94C8BA9A1CCDE5610016CFFB /* Assets.xcassets */ = {isa = PBXFileReference; lastKnownFileType = folder.assetcatalog; path = Assets.xcassets; sourceTree = "<group>"; };
		94C8BA9D1CCDE5620016CFFB /* Base */ = {isa = PBXFileReference; lastKnownFileType = file.storyboard; name = Base; path = Base.lproj/LaunchScreen.storyboard; sourceTree = "<group>"; };
		94C8BA9F1CCDE5620016CFFB /* Info.plist */ = {isa = PBXFileReference; lastKnownFileType = text.plist.xml; path = Info.plist; sourceTree = "<group>"; };
		94C8BAA41CCDE5620016CFFB /* ZWVideoFrameTests.xctest */ = {isa = PBXFileReference; explicitFileType = wrapper.cfbundle; includeInIndex = 0; path = ZWVideoFrameTests.xctest; sourceTree = BUILT_PRODUCTS_DIR; };
		94C8BAA81CCDE5620016CFFB /* ZWVideoFrameTests.swift */ = {isa = PBXFileReference; lastKnownFileType = sourcecode.swift; path = ZWVideoFrameTests.swift; sourceTree = "<group>"; };
		94C8BAAA1CCDE5620016CFFB /* Info.plist */ = {isa = PBXFileReference; lastKnownFileType = text.plist.xml; path = Info.plist; sourceTree = "<group>"; };
		94D7F3CA1CD0C61600986779 /* ZWShapeView.swift */ = {isa = PBXFileReference; fileEncoding = 4; lastKnownFileType = sourcecode.swift; path = ZWShapeView.swift; sourceTree = "<group>"; };
		B7745E0C2B0114419B9CC3CB /* Pods_ZWVideoFrame.framework */ = {isa = PBXFileReference; explicitFileType = wrapper.framework; includeInIndex = 0; path = Pods_ZWVideoFrame.framework; sourceTree = BUILT_PRODUCTS_DIR; };
/* End PBXFileReference section */

/* Begin PBXFrameworksBuildPhase section */
		94C8BA8D1CCDE5610016CFFB /* Frameworks */ = {
			isa = PBXFrameworksBuildPhase;
			buildActionMask = 2147483647;
			files = (
				DBBAC999A43B5B50CA46551B /* Pods_ZWVideoFrame.framework in Frameworks */,
			);
			runOnlyForDeploymentPostprocessing = 0;
		};
		94C8BAA11CCDE5620016CFFB /* Frameworks */ = {
			isa = PBXFrameworksBuildPhase;
			buildActionMask = 2147483647;
			files = (
			);
			runOnlyForDeploymentPostprocessing = 0;
		};
/* End PBXFrameworksBuildPhase section */

/* Begin PBXGroup section */
		61256B78509E953AD7298F15 /* Pods */ = {
			isa = PBXGroup;
			children = (
				81D02EED2FB6BE257D62BC52 /* Pods-ZWVideoFrame.debug.xcconfig */,
				35508F43184428AC048BB29A /* Pods-ZWVideoFrame.release.xcconfig */,
			);
			name = Pods;
			sourceTree = "<group>";
		};
		940E466F1CD889BA00B716E6 /* Common */ = {
			isa = PBXGroup;
			children = (
				940E46701CD889EF00B716E6 /* SourceActionView.swift */,
			);
			name = Common;
			sourceTree = "<group>";
		};
		94954A7E1CD05339001D24E8 /* Vender */ = {
			isa = PBXGroup;
			children = (
				94954A7F1CD05339001D24E8 /* Waveform */,
			);
			path = Vender;
			sourceTree = "<group>";
		};
		94954A7F1CD05339001D24E8 /* Waveform */ = {
			isa = PBXGroup;
			children = (
				94954A801CD05339001D24E8 /* Data Source */,
				94954A831CD05339001D24E8 /* DVGAudioWaveformDiagram.swift */,
				94954A841CD05339001D24E8 /* DVGAudioWaveformDiagramModel.swift */,
				94954A851CD05339001D24E8 /* DVGWaveformView.swift */,
				94954A861CD05339001D24E8 /* LICENSE */,
				94954A871CD05339001D24E8 /* Utility */,
				94954A931CD05339001D24E8 /* View */,
				94954A981CD05339001D24E8 /* View Model */,
			);
			path = Waveform;
			sourceTree = "<group>";
		};
		94954A801CD05339001D24E8 /* Data Source */ = {
			isa = PBXGroup;
			children = (
				94954A811CD05339001D24E8 /* AudioSamplesReader.swift */,
				94954A821CD05339001D24E8 /* ScalableChannelsContainer.swift */,
			);
			path = "Data Source";
			sourceTree = "<group>";
		};
		94954A871CD05339001D24E8 /* Utility */ = {
			isa = PBXGroup;
			children = (
				94954A881CD05339001D24E8 /* AudioReaderSettings.swift */,
				94954A891CD05339001D24E8 /* AudioSamplesContainer.swift */,
				94954A8A1CD05339001D24E8 /* Buffer.swift */,
				94954A8B1CD05339001D24E8 /* Channel.swift */,
				94954A8C1CD05339001D24E8 /* DiagramGeometry.swift */,
				94954A8D1CD05339001D24E8 /* Dispatch.swift */,
				94954A8E1CD05339001D24E8 /* Error.swift */,
				94954A8F1CD05339001D24E8 /* LogicProvider.swift */,
				94954A901CD05339001D24E8 /* NumberTypes.swift */,
				94954A911CD05339001D24E8 /* Protocols.swift */,
				94954A921CD05339001D24E8 /* UIKit+extensions.swift */,
			);
			path = Utility;
			sourceTree = "<group>";
		};
		94954A931CD05339001D24E8 /* View */ = {
			isa = PBXGroup;
			children = (
				94954A941CD05339001D24E8 /* Diagram.swift */,
				94954A951CD05339001D24E8 /* PlaybackPositionView.swift */,
				94954A961CD05339001D24E8 /* Plot.swift */,
				94954A971CD05339001D24E8 /* SelectionView.swift */,
			);
			path = View;
			sourceTree = "<group>";
		};
		94954A981CD05339001D24E8 /* View Model */ = {
			isa = PBXGroup;
			children = (
				94954A991CD05339001D24E8 /* ChannelSourceMapper.swift */,
				94954A9A1CD05339001D24E8 /* DiagramModel.swift */,
				94954A9B1CD05339001D24E8 /* PlotModel.swift */,
			);
			path = "View Model";
			sourceTree = "<group>";
		};
		94954AB61CD0A615001D24E8 /* Frame */ = {
			isa = PBXGroup;
			children = (
				940E46351CD313EE00B716E6 /* FrameConfigRoomViewController.swift */,
				94954AB81CD0A657001D24E8 /* FrameSelectionViewController.swift */,
				94954ABA1CD0A70D001D24E8 /* Frame.swift */,
				94954ABC1CD0A877001D24E8 /* FrameCollectionCell.swift */,
				9474139D1CD0B0CA00D8EEA6 /* FrameManager.swift */,
				940E46371CD314D000B716E6 /* FrameConfigRoomView.swift */,
				948E876C1CE0DAF60095AF12 /* FramePreviewViewController.swift */,
			);
			path = Frame;
			sourceTree = "<group>";
		};
		94954AB71CD0A61E001D24E8 /* Layout */ = {
			isa = PBXGroup;
			children = (
				940E46631CD887B400B716E6 /* LayoutCollectionCell.swift */,
				940E46641CD887B400B716E6 /* LayoutManager.swift */,
				940E46651CD887B400B716E6 /* LayoutSelectionViewController.swift */,
				940E46661CD887B400B716E6 /* Layout.swift */,
				940E46671CD887B400B716E6 /* LayoutConfigRoomViewController.swift */,
				940E466D1CD888C700B716E6 /* LayoutConfigRoomView.swift */,
			);
			path = Layout;
			sourceTree = "<group>";
		};
		94A8C8C71CD4BBEF00736464 /* Utils */ = {
			isa = PBXGroup;
			children = (
				948E87721CECB3690095AF12 /* ArrayParser.swift */,
				948E876E1CECB3020095AF12 /* ArrayExtension.swift */,
				948E876F1CECB3020095AF12 /* ArrayModifier.swift */,
				94A8C8C81CD4BC1700736464 /* UIUtils.swift */,
			);
			name = Utils;
			sourceTree = "<group>";
		};
		94C8BA871CCDE5610016CFFB = {
			isa = PBXGroup;
			children = (
				94C8BA921CCDE5610016CFFB /* ZWVideoFrame */,
				94C8BAA71CCDE5620016CFFB /* ZWVideoFrameTests */,
				94C8BA911CCDE5610016CFFB /* Products */,
				61256B78509E953AD7298F15 /* Pods */,
				BCB93A7A16FF920CFE002A37 /* Frameworks */,
			);
			sourceTree = "<group>";
		};
		94C8BA911CCDE5610016CFFB /* Products */ = {
			isa = PBXGroup;
			children = (
				94C8BA901CCDE5610016CFFB /* ZWVideoFrame.app */,
				94C8BAA41CCDE5620016CFFB /* ZWVideoFrameTests.xctest */,
			);
			name = Products;
			sourceTree = "<group>";
		};
		94C8BA921CCDE5610016CFFB /* ZWVideoFrame */ = {
			isa = PBXGroup;
			children = (
				94A8C8C71CD4BBEF00736464 /* Utils */,
				940E466F1CD889BA00B716E6 /* Common */,
				94954AB71CD0A61E001D24E8 /* Layout */,
				94954AB61CD0A615001D24E8 /* Frame */,
				94954A7E1CD05339001D24E8 /* Vender */,
				94C433671CCFAD4A00CFBD64 /* CardViewController.swift */,
				940E46491CD348C300B716E6 /* BrowserView.swift */,
				940E464A1CD348C300B716E6 /* DirectManipulationGestureRecognizer.swift */,
				940E464B1CD348C300B716E6 /* SimpleTransform.swift */,
				943F7D181CCFA7300016A87E /* BrowserViewController.swift */,
				943F7D1A1CCFA7300016A87E /* ImportMusicalView.swift */,
				94C8BA931CCDE5610016CFFB /* AppDelegate.swift */,
				94C8BA951CCDE5610016CFFB /* WorkSpaceViewController.swift */,
				94C8BA9A1CCDE5610016CFFB /* Assets.xcassets */,
				94C8BA9C1CCDE5620016CFFB /* LaunchScreen.storyboard */,
				94C8BA9F1CCDE5620016CFFB /* Info.plist */,
				94D7F3CA1CD0C61600986779 /* ZWShapeView.swift */,
				94B8BD231CD1049E00B4DEE0 /* VideoFrameShapeDrawable.swift */,
				940E464F1CD34E1500B716E6 /* VideoToolManager.swift */,
				940E46511CD34EC600B716E6 /* FrameToolSet.swift */,
				940E46531CD3595700B716E6 /* PageViewController.swift */,
				94A8C8CA1CD4C92500736464 /* MergerDataSoucreViewModel.swift */,
				94A8C8CC1CD4CDC900736464 /* PlayerExtension.swift */,
			);
			path = ZWVideoFrame;
			sourceTree = "<group>";
		};
		94C8BAA71CCDE5620016CFFB /* ZWVideoFrameTests */ = {
			isa = PBXGroup;
			children = (
				94C8BAA81CCDE5620016CFFB /* ZWVideoFrameTests.swift */,
				94C8BAAA1CCDE5620016CFFB /* Info.plist */,
			);
			path = ZWVideoFrameTests;
			sourceTree = "<group>";
		};
		BCB93A7A16FF920CFE002A37 /* Frameworks */ = {
			isa = PBXGroup;
			children = (
				B7745E0C2B0114419B9CC3CB /* Pods_ZWVideoFrame.framework */,
			);
			name = Frameworks;
			sourceTree = "<group>";
		};
/* End PBXGroup section */

/* Begin PBXNativeTarget section */
		94C8BA8F1CCDE5610016CFFB /* ZWVideoFrame */ = {
			isa = PBXNativeTarget;
			buildConfigurationList = 94C8BAAD1CCDE5620016CFFB /* Build configuration list for PBXNativeTarget "ZWVideoFrame" */;
			buildPhases = (
				033F253F28C974E0CDCA5ECA /* Check Pods Manifest.lock */,
				94C8BA8C1CCDE5610016CFFB /* Sources */,
				94C8BA8D1CCDE5610016CFFB /* Frameworks */,
				94C8BA8E1CCDE5610016CFFB /* Resources */,
				6B902E4E323657104829FACC /* Embed Pods Frameworks */,
				32A8BC6F4C700B63679E3ED1 /* Copy Pods Resources */,
			);
			buildRules = (
			);
			dependencies = (
			);
			name = ZWVideoFrame;
			productName = ZWVideoFrame;
			productReference = 94C8BA901CCDE5610016CFFB /* ZWVideoFrame.app */;
			productType = "com.apple.product-type.application";
		};
		94C8BAA31CCDE5620016CFFB /* ZWVideoFrameTests */ = {
			isa = PBXNativeTarget;
			buildConfigurationList = 94C8BAB01CCDE5620016CFFB /* Build configuration list for PBXNativeTarget "ZWVideoFrameTests" */;
			buildPhases = (
				94C8BAA01CCDE5620016CFFB /* Sources */,
				94C8BAA11CCDE5620016CFFB /* Frameworks */,
				94C8BAA21CCDE5620016CFFB /* Resources */,
			);
			buildRules = (
			);
			dependencies = (
				94C8BAA61CCDE5620016CFFB /* PBXTargetDependency */,
			);
			name = ZWVideoFrameTests;
			productName = ZWVideoFrameTests;
			productReference = 94C8BAA41CCDE5620016CFFB /* ZWVideoFrameTests.xctest */;
			productType = "com.apple.product-type.bundle.unit-test";
		};
/* End PBXNativeTarget section */

/* Begin PBXProject section */
		94C8BA881CCDE5610016CFFB /* Project object */ = {
			isa = PBXProject;
			attributes = {
				LastSwiftUpdateCheck = 0730;
				LastUpgradeCheck = 0730;
				ORGANIZATIONNAME = zzzworm;
				TargetAttributes = {
					94C8BA8F1CCDE5610016CFFB = {
						CreatedOnToolsVersion = 7.3;
					};
					94C8BAA31CCDE5620016CFFB = {
						CreatedOnToolsVersion = 7.3;
						TestTargetID = 94C8BA8F1CCDE5610016CFFB;
					};
				};
			};
			buildConfigurationList = 94C8BA8B1CCDE5610016CFFB /* Build configuration list for PBXProject "ZWVideoFrame" */;
			compatibilityVersion = "Xcode 3.2";
			developmentRegion = English;
			hasScannedForEncodings = 0;
			knownRegions = (
				en,
				Base,
			);
			mainGroup = 94C8BA871CCDE5610016CFFB;
			productRefGroup = 94C8BA911CCDE5610016CFFB /* Products */;
			projectDirPath = "";
			projectRoot = "";
			targets = (
				94C8BA8F1CCDE5610016CFFB /* ZWVideoFrame */,
				94C8BAA31CCDE5620016CFFB /* ZWVideoFrameTests */,
			);
		};
/* End PBXProject section */

/* Begin PBXResourcesBuildPhase section */
		94C8BA8E1CCDE5610016CFFB /* Resources */ = {
			isa = PBXResourcesBuildPhase;
			buildActionMask = 2147483647;
			files = (
				94954AA11CD05339001D24E8 /* LICENSE in Resources */,
				94C8BA9E1CCDE5620016CFFB /* LaunchScreen.storyboard in Resources */,
				94C8BA9B1CCDE5610016CFFB /* Assets.xcassets in Resources */,
			);
			runOnlyForDeploymentPostprocessing = 0;
		};
		94C8BAA21CCDE5620016CFFB /* Resources */ = {
			isa = PBXResourcesBuildPhase;
			buildActionMask = 2147483647;
			files = (
			);
			runOnlyForDeploymentPostprocessing = 0;
		};
/* End PBXResourcesBuildPhase section */

/* Begin PBXShellScriptBuildPhase section */
		033F253F28C974E0CDCA5ECA /* Check Pods Manifest.lock */ = {
			isa = PBXShellScriptBuildPhase;
			buildActionMask = 2147483647;
			files = (
			);
			inputPaths = (
			);
			name = "Check Pods Manifest.lock";
			outputPaths = (
			);
			runOnlyForDeploymentPostprocessing = 0;
			shellPath = /bin/sh;
			shellScript = "diff \"${PODS_ROOT}/../Podfile.lock\" \"${PODS_ROOT}/Manifest.lock\" > /dev/null\nif [[ $? != 0 ]] ; then\n    cat << EOM\nerror: The sandbox is not in sync with the Podfile.lock. Run 'pod install' or update your CocoaPods installation.\nEOM\n    exit 1\nfi\n";
			showEnvVarsInLog = 0;
		};
		32A8BC6F4C700B63679E3ED1 /* Copy Pods Resources */ = {
			isa = PBXShellScriptBuildPhase;
			buildActionMask = 2147483647;
			files = (
			);
			inputPaths = (
			);
			name = "Copy Pods Resources";
			outputPaths = (
			);
			runOnlyForDeploymentPostprocessing = 0;
			shellPath = /bin/sh;
			shellScript = "\"${SRCROOT}/Pods/Target Support Files/Pods-ZWVideoFrame/Pods-ZWVideoFrame-resources.sh\"\n";
			showEnvVarsInLog = 0;
		};
		6B902E4E323657104829FACC /* Embed Pods Frameworks */ = {
			isa = PBXShellScriptBuildPhase;
			buildActionMask = 2147483647;
			files = (
			);
			inputPaths = (
			);
			name = "Embed Pods Frameworks";
			outputPaths = (
			);
			runOnlyForDeploymentPostprocessing = 0;
			shellPath = /bin/sh;
			shellScript = "\"${SRCROOT}/Pods/Target Support Files/Pods-ZWVideoFrame/Pods-ZWVideoFrame-frameworks.sh\"\n";
			showEnvVarsInLog = 0;
		};
/* End PBXShellScriptBuildPhase section */

/* Begin PBXSourcesBuildPhase section */
		94C8BA8C1CCDE5610016CFFB /* Sources */ = {
			isa = PBXSourcesBuildPhase;
			buildActionMask = 2147483647;
			files = (
				94C8BA961CCDE5610016CFFB /* WorkSpaceViewController.swift in Sources */,
				940E466E1CD888C700B716E6 /* LayoutConfigRoomView.swift in Sources */,
				94954ABD1CD0A877001D24E8 /* FrameCollectionCell.swift in Sources */,
				94954AA51CD05339001D24E8 /* Channel.swift in Sources */,
				94954AAA1CD05339001D24E8 /* NumberTypes.swift in Sources */,
				94954AB21CD05339001D24E8 /* DiagramModel.swift in Sources */,
				94954AB11CD05339001D24E8 /* ChannelSourceMapper.swift in Sources */,
				94954AB91CD0A657001D24E8 /* FrameSelectionViewController.swift in Sources */,
				94954AA81CD05339001D24E8 /* Error.swift in Sources */,
				943F7D221CCFA7300016A87E /* ImportMusicalView.swift in Sources */,
				94954ABB1CD0A70D001D24E8 /* Frame.swift in Sources */,
				948E876D1CE0DAF60095AF12 /* FramePreviewViewController.swift in Sources */,
				94954AA01CD05339001D24E8 /* DVGWaveformView.swift in Sources */,
				94954AA41CD05339001D24E8 /* Buffer.swift in Sources */,
				94A8C8CD1CD4CDC900736464 /* PlayerExtension.swift in Sources */,
				94A8C8C91CD4BC1700736464 /* UIUtils.swift in Sources */,
				948E87731CECB3690095AF12 /* ArrayParser.swift in Sources */,
				940E46521CD34EC600B716E6 /* FrameToolSet.swift in Sources */,
				940E464C1CD348C300B716E6 /* BrowserView.swift in Sources */,
				94954AAD1CD05339001D24E8 /* Diagram.swift in Sources */,
				940E46541CD3595700B716E6 /* PageViewController.swift in Sources */,
				940E46681CD887B400B716E6 /* LayoutCollectionCell.swift in Sources */,
				948E87701CECB3020095AF12 /* ArrayExtension.swift in Sources */,
				94D7F3CB1CD0C61600986779 /* ZWShapeView.swift in Sources */,
				94954AAB1CD05339001D24E8 /* Protocols.swift in Sources */,
				94954AA71CD05339001D24E8 /* Dispatch.swift in Sources */,
				940E466A1CD887B400B716E6 /* LayoutSelectionViewController.swift in Sources */,
				943F7D201CCFA7300016A87E /* BrowserViewController.swift in Sources */,
				940E46381CD314D000B716E6 /* FrameConfigRoomView.swift in Sources */,
				94954A9E1CD05339001D24E8 /* DVGAudioWaveformDiagram.swift in Sources */,
				940E46361CD313EE00B716E6 /* FrameConfigRoomViewController.swift in Sources */,
				94954AB31CD05339001D24E8 /* PlotModel.swift in Sources */,
				94954AA21CD05339001D24E8 /* AudioReaderSettings.swift in Sources */,
				940E464D1CD348C300B716E6 /* DirectManipulationGestureRecognizer.swift in Sources */,
				940E46691CD887B400B716E6 /* LayoutManager.swift in Sources */,
				94954A9D1CD05339001D24E8 /* ScalableChannelsContainer.swift in Sources */,
				940E46501CD34E1500B716E6 /* VideoToolManager.swift in Sources */,
				94954AAC1CD05339001D24E8 /* UIKit+extensions.swift in Sources */,
				940E46711CD889EF00B716E6 /* SourceActionView.swift in Sources */,
				94954AA91CD05339001D24E8 /* LogicProvider.swift in Sources */,
				940E466B1CD887B400B716E6 /* Layout.swift in Sources */,
				94C8BA941CCDE5610016CFFB /* AppDelegate.swift in Sources */,
				94954AA61CD05339001D24E8 /* DiagramGeometry.swift in Sources */,
				94C433681CCFAD4A00CFBD64 /* CardViewController.swift in Sources */,
				94954AB01CD05339001D24E8 /* SelectionView.swift in Sources */,
				94A8C8CB1CD4C92500736464 /* MergerDataSoucreViewModel.swift in Sources */,
				948E87711CECB3020095AF12 /* ArrayModifier.swift in Sources */,
				94954A9C1CD05339001D24E8 /* AudioSamplesReader.swift in Sources */,
				9474139E1CD0B0CA00D8EEA6 /* FrameManager.swift in Sources */,
				940E464E1CD348C300B716E6 /* SimpleTransform.swift in Sources */,
				94954AAE1CD05339001D24E8 /* PlaybackPositionView.swift in Sources */,
				94954A9F1CD05339001D24E8 /* DVGAudioWaveformDiagramModel.swift in Sources */,
				940E466C1CD887B400B716E6 /* LayoutConfigRoomViewController.swift in Sources */,
				94954AA31CD05339001D24E8 /* AudioSamplesContainer.swift in Sources */,
				94B8BD241CD1049E00B4DEE0 /* VideoFrameShapeDrawable.swift in Sources */,
				94954AAF1CD05339001D24E8 /* Plot.swift in Sources */,
			);
			runOnlyForDeploymentPostprocessing = 0;
		};
		94C8BAA01CCDE5620016CFFB /* Sources */ = {
			isa = PBXSourcesBuildPhase;
			buildActionMask = 2147483647;
			files = (
				94C8BAA91CCDE5620016CFFB /* ZWVideoFrameTests.swift in Sources */,
			);
			runOnlyForDeploymentPostprocessing = 0;
		};
/* End PBXSourcesBuildPhase section */

/* Begin PBXTargetDependency section */
		94C8BAA61CCDE5620016CFFB /* PBXTargetDependency */ = {
			isa = PBXTargetDependency;
			target = 94C8BA8F1CCDE5610016CFFB /* ZWVideoFrame */;
			targetProxy = 94C8BAA51CCDE5620016CFFB /* PBXContainerItemProxy */;
		};
/* End PBXTargetDependency section */

/* Begin PBXVariantGroup section */
		94C8BA9C1CCDE5620016CFFB /* LaunchScreen.storyboard */ = {
			isa = PBXVariantGroup;
			children = (
				94C8BA9D1CCDE5620016CFFB /* Base */,
			);
			name = LaunchScreen.storyboard;
			sourceTree = "<group>";
		};
/* End PBXVariantGroup section */

/* Begin XCBuildConfiguration section */
		94C8BAAB1CCDE5620016CFFB /* Debug */ = {
			isa = XCBuildConfiguration;
			buildSettings = {
				ALWAYS_SEARCH_USER_PATHS = NO;
				CLANG_ANALYZER_NONNULL = YES;
				CLANG_CXX_LANGUAGE_STANDARD = "gnu++0x";
				CLANG_CXX_LIBRARY = "libc++";
				CLANG_ENABLE_MODULES = YES;
				CLANG_ENABLE_OBJC_ARC = YES;
				CLANG_WARN_BOOL_CONVERSION = YES;
				CLANG_WARN_CONSTANT_CONVERSION = YES;
				CLANG_WARN_DIRECT_OBJC_ISA_USAGE = YES_ERROR;
				CLANG_WARN_EMPTY_BODY = YES;
				CLANG_WARN_ENUM_CONVERSION = YES;
				CLANG_WARN_INT_CONVERSION = YES;
				CLANG_WARN_OBJC_ROOT_CLASS = YES_ERROR;
				CLANG_WARN_UNREACHABLE_CODE = YES;
				CLANG_WARN__DUPLICATE_METHOD_MATCH = YES;
				"CODE_SIGN_IDENTITY[sdk=iphoneos*]" = "iPhone Developer";
				COPY_PHASE_STRIP = NO;
				DEBUG_INFORMATION_FORMAT = dwarf;
				ENABLE_STRICT_OBJC_MSGSEND = YES;
				ENABLE_TESTABILITY = YES;
				GCC_C_LANGUAGE_STANDARD = gnu99;
				GCC_DYNAMIC_NO_PIC = NO;
				GCC_NO_COMMON_BLOCKS = YES;
				GCC_OPTIMIZATION_LEVEL = 0;
				GCC_PREPROCESSOR_DEFINITIONS = (
					"DEBUG=1",
					"$(inherited)",
				);
				GCC_WARN_64_TO_32_BIT_CONVERSION = YES;
				GCC_WARN_ABOUT_RETURN_TYPE = YES_ERROR;
				GCC_WARN_UNDECLARED_SELECTOR = YES;
				GCC_WARN_UNINITIALIZED_AUTOS = YES_AGGRESSIVE;
				GCC_WARN_UNUSED_FUNCTION = YES;
				GCC_WARN_UNUSED_VARIABLE = YES;
				IPHONEOS_DEPLOYMENT_TARGET = 9.3;
				MTL_ENABLE_DEBUG_INFO = YES;
				ONLY_ACTIVE_ARCH = YES;
				SDKROOT = iphoneos;
				SWIFT_OPTIMIZATION_LEVEL = "-Onone";
			};
			name = Debug;
		};
		94C8BAAC1CCDE5620016CFFB /* Release */ = {
			isa = XCBuildConfiguration;
			buildSettings = {
				ALWAYS_SEARCH_USER_PATHS = NO;
				CLANG_ANALYZER_NONNULL = YES;
				CLANG_CXX_LANGUAGE_STANDARD = "gnu++0x";
				CLANG_CXX_LIBRARY = "libc++";
				CLANG_ENABLE_MODULES = YES;
				CLANG_ENABLE_OBJC_ARC = YES;
				CLANG_WARN_BOOL_CONVERSION = YES;
				CLANG_WARN_CONSTANT_CONVERSION = YES;
				CLANG_WARN_DIRECT_OBJC_ISA_USAGE = YES_ERROR;
				CLANG_WARN_EMPTY_BODY = YES;
				CLANG_WARN_ENUM_CONVERSION = YES;
				CLANG_WARN_INT_CONVERSION = YES;
				CLANG_WARN_OBJC_ROOT_CLASS = YES_ERROR;
				CLANG_WARN_UNREACHABLE_CODE = YES;
				CLANG_WARN__DUPLICATE_METHOD_MATCH = YES;
				"CODE_SIGN_IDENTITY[sdk=iphoneos*]" = "iPhone Developer";
				COPY_PHASE_STRIP = NO;
				DEBUG_INFORMATION_FORMAT = "dwarf-with-dsym";
				ENABLE_NS_ASSERTIONS = NO;
				ENABLE_STRICT_OBJC_MSGSEND = YES;
				GCC_C_LANGUAGE_STANDARD = gnu99;
				GCC_NO_COMMON_BLOCKS = YES;
				GCC_WARN_64_TO_32_BIT_CONVERSION = YES;
				GCC_WARN_ABOUT_RETURN_TYPE = YES_ERROR;
				GCC_WARN_UNDECLARED_SELECTOR = YES;
				GCC_WARN_UNINITIALIZED_AUTOS = YES_AGGRESSIVE;
				GCC_WARN_UNUSED_FUNCTION = YES;
				GCC_WARN_UNUSED_VARIABLE = YES;
				IPHONEOS_DEPLOYMENT_TARGET = 9.3;
				MTL_ENABLE_DEBUG_INFO = NO;
				SDKROOT = iphoneos;
				VALIDATE_PRODUCT = YES;
			};
			name = Release;
		};
		94C8BAAE1CCDE5620016CFFB /* Debug */ = {
			isa = XCBuildConfiguration;
			baseConfigurationReference = 81D02EED2FB6BE257D62BC52 /* Pods-ZWVideoFrame.debug.xcconfig */;
			buildSettings = {
				ASSETCATALOG_COMPILER_APPICON_NAME = AppIcon;
				INFOPLIST_FILE = ZWVideoFrame/Info.plist;
				IPHONEOS_DEPLOYMENT_TARGET = 8.0;
				LD_RUNPATH_SEARCH_PATHS = "$(inherited) @executable_path/Frameworks";
				PRODUCT_BUNDLE_IDENTIFIER = com.zhiliaoapp.test.ZWVideoFrame;
				PRODUCT_NAME = "$(TARGET_NAME)";
			};
			name = Debug;
		};
		94C8BAAF1CCDE5620016CFFB /* Release */ = {
			isa = XCBuildConfiguration;
			baseConfigurationReference = 35508F43184428AC048BB29A /* Pods-ZWVideoFrame.release.xcconfig */;
			buildSettings = {
				ASSETCATALOG_COMPILER_APPICON_NAME = AppIcon;
				INFOPLIST_FILE = ZWVideoFrame/Info.plist;
				IPHONEOS_DEPLOYMENT_TARGET = 8.0;
				LD_RUNPATH_SEARCH_PATHS = "$(inherited) @executable_path/Frameworks";
				PRODUCT_BUNDLE_IDENTIFIER = com.zhiliaoapp.test.ZWVideoFrame;
				PRODUCT_NAME = "$(TARGET_NAME)";
			};
			name = Release;
		};
		94C8BAB11CCDE5620016CFFB /* Debug */ = {
			isa = XCBuildConfiguration;
			buildSettings = {
				BUNDLE_LOADER = "$(TEST_HOST)";
				INFOPLIST_FILE = ZWVideoFrameTests/Info.plist;
				LD_RUNPATH_SEARCH_PATHS = "$(inherited) @executable_path/Frameworks @loader_path/Frameworks";
				PRODUCT_BUNDLE_IDENTIFIER = com.zhiliaoapp.test.ZWVideoFrameTests;
				PRODUCT_NAME = "$(TARGET_NAME)";
				TEST_HOST = "$(BUILT_PRODUCTS_DIR)/ZWVideoFrame.app/ZWVideoFrame";
			};
			name = Debug;
		};
		94C8BAB21CCDE5620016CFFB /* Release */ = {
			isa = XCBuildConfiguration;
			buildSettings = {
				BUNDLE_LOADER = "$(TEST_HOST)";
				INFOPLIST_FILE = ZWVideoFrameTests/Info.plist;
				LD_RUNPATH_SEARCH_PATHS = "$(inherited) @executable_path/Frameworks @loader_path/Frameworks";
				PRODUCT_BUNDLE_IDENTIFIER = com.zhiliaoapp.test.ZWVideoFrameTests;
				PRODUCT_NAME = "$(TARGET_NAME)";
				TEST_HOST = "$(BUILT_PRODUCTS_DIR)/ZWVideoFrame.app/ZWVideoFrame";
			};
			name = Release;
		};
/* End XCBuildConfiguration section */

/* Begin XCConfigurationList section */
		94C8BA8B1CCDE5610016CFFB /* Build configuration list for PBXProject "ZWVideoFrame" */ = {
			isa = XCConfigurationList;
			buildConfigurations = (
				94C8BAAB1CCDE5620016CFFB /* Debug */,
				94C8BAAC1CCDE5620016CFFB /* Release */,
			);
			defaultConfigurationIsVisible = 0;
			defaultConfigurationName = Release;
		};
		94C8BAAD1CCDE5620016CFFB /* Build configuration list for PBXNativeTarget "ZWVideoFrame" */ = {
			isa = XCConfigurationList;
			buildConfigurations = (
				94C8BAAE1CCDE5620016CFFB /* Debug */,
				94C8BAAF1CCDE5620016CFFB /* Release */,
			);
			defaultConfigurationIsVisible = 0;
			defaultConfigurationName = Release;
		};
		94C8BAB01CCDE5620016CFFB /* Build configuration list for PBXNativeTarget "ZWVideoFrameTests" */ = {
			isa = XCConfigurationList;
			buildConfigurations = (
				94C8BAB11CCDE5620016CFFB /* Debug */,
				94C8BAB21CCDE5620016CFFB /* Release */,
			);
			defaultConfigurationIsVisible = 0;
			defaultConfigurationName = Release;
		};
/* End XCConfigurationList section */
	};
	rootObject = 94C8BA881CCDE5610016CFFB /* Project object */;
}
